
Microsoft Visual Studio Solution File, Format Version 12.00
# Visual Studio 15
Project("{FAE04EC0-301F-11D3-BF4B-00C04F79EFBC}") = "PhotonVoice", "PhotonVoice.csproj", "{84EF6924-8982-2C8E-8C21-B29D2C916FA3}"
EndProject
Project("{FAE04EC0-301F-11D3-BF4B-00C04F79EFBC}") = "PhotonChat", "PhotonChat.csproj", "{438F9775-1A3E-5508-4F00-4230E79411F9}"
EndProject
Project("{FAE04EC0-301F-11D3-BF4B-00C04F79EFBC}") = "PhotonUnityNetworking.Demos", "PhotonUnityNetworking.Demos.csproj", "{BC2CE600-6B30-1B6F-356E-445F52C976CE}"
EndProject
Project("{FAE04EC0-301F-11D3-BF4B-00C04F79EFBC}") = "PhotonVoice.API", "PhotonVoice.API.csproj", "{1A5EEC2A-D8FF-595C-2AC6-93C69ED10A5C}"
EndProject
Project("{FAE04EC0-301F-11D3-BF4B-00C04F79EFBC}") = "Assembly-CSharp", "Assembly-CSharp.csproj", "{A753C9F1-F516-E65D-6018-2B48BC921265}"
EndProject
Project("{FAE04EC0-301F-11D3-BF4B-00C04F79EFBC}") = "PhotonRealtime", "PhotonRealtime.csproj", "{95482339-FD0F-DD08-583B-E8121B942935}"
EndProject
Project("{FAE04EC0-301F-11D3-BF4B-00C04F79EFBC}") = "MicAmplifierEditor.Editor", "MicAmplifierEditor.Editor.csproj", "{36CC1C72-0C60-1B5B-121F-0999FE8F2F03}"
EndProject
Project("{FAE04EC0-301F-11D3-BF4B-00C04F79EFBC}") = "PhotonUnityNetworking.Editor", "PhotonUnityNetworking.Editor.csproj", "{927BA993-250D-E8FD-7FA9-139C3D41B64E}"
EndProject
Project("{FAE04EC0-301F-11D3-BF4B-00C04F79EFBC}") = "PhotonUnityNetworking", "PhotonUnityNetworking.csproj", "{DFE028EE-130D-FAED-47FF-2FB7E3AC95D8}"
EndProject
Project("{FAE04EC0-301F-11D3-BF4B-00C04F79EFBC}") = "Voice.FMOD.Editor", "Voice.FMOD.Editor.csproj", "{2495CC9A-B950-D31F-3C75-DB27FE3C99C1}"
EndProject
Project("{FAE04EC0-301F-11D3-BF4B-00C04F79EFBC}") = "PhotonUnityNetworking.Utilities.PhotonPlayer.Editor", "PhotonUnityNetworking.Utilities.PhotonPlayer.Editor.csproj", "{FEBA4FBE-FAD7-7FB8-B71E-0350C8441FBC}"
EndProject
Project("{FAE04EC0-301F-11D3-BF4B-00C04F79EFBC}") = "PhotonVoice.PUN.Editor", "PhotonVoice.PUN.Editor.csproj", "{07E0E91D-EE64-BB5A-656E-53D4B8EEEE48}"
EndProject
Project("{FAE04EC0-301F-11D3-BF4B-00C04F79EFBC}") = "PhotonVoice.Editor", "PhotonVoice.Editor.csproj", "{4466FE1B-7A98-81C0-1C47-41B459719C90}"
EndProject
Project("{FAE04EC0-301F-11D3-BF4B-00C04F79EFBC}") = "PhotonUnityNetworking.Utilities", "PhotonUnityNetworking.Utilities.csproj", "{9B561E32-E3FD-723C-3698-E8793C3BE42F}"
EndProject
Project("{FAE04EC0-301F-11D3-BF4B-00C04F79EFBC}") = "PhotonVoice.Utilities.Editor", "PhotonVoice.Utilities.Editor.csproj", "{527C84F8-C803-137B-28DB-610983F7FEAA}"
EndProject
Project("{FAE04EC0-301F-11D3-BF4B-00C04F79EFBC}") = "PunDemos.DemoSlotcarEditor", "PunDemos.DemoSlotcarEditor.csproj", "{8F779AF0-DEC5-BFF6-8BF1-1BC217318610}"
EndProject
Project("{FAE04EC0-301F-11D3-BF4B-00C04F79EFBC}") = "Assembly-CSharp-Editor", "Assembly-CSharp-Editor.csproj", "{D226A5A4-AB65-9AFA-44D2-1306CDB503F1}"
EndProject
Project("{FAE04EC0-301F-11D3-BF4B-00C04F79EFBC}") = "PhotonVoice.PUN", "PhotonVoice.PUN.csproj", "{27B1626A-F03E-68A8-00D1-7C4E05A8F050}"
EndProject
Project("{FAE04EC0-301F-11D3-BF4B-00C04F79EFBC}") = "PhotonUnityNetworking.Utilities.Culling.Editor", "PhotonUnityNetworking.Utilities.Culling.Editor.csproj", "{4D263C01-7C32-AC20-5592-FC39AECB5466}"
EndProject
Project("{FAE04EC0-301F-11D3-BF4B-00C04F79EFBC}") = "PunDemos.DemoHubEditor", "PunDemos.DemoHubEditor.csproj", "{3D364173-001F-C5E4-558B-616EB08A2507}"
EndProject
Global
	GlobalSection(SolutionConfigurationPlatforms) = preSolution
		Debug|Any CPU = Debug|Any CPU
		Release|Any CPU = Release|Any CPU
	EndGlobalSection
	GlobalSection(ProjectConfigurationPlatforms) = postSolution
		{84EF6924-8982-2C8E-8C21-B29D2C916FA3}.Debug|Any CPU.ActiveCfg = Debug|Any CPU
		{84EF6924-8982-2C8E-8C21-B29D2C916FA3}.Debug|Any CPU.Build.0 = Debug|Any CPU
		{84EF6924-8982-2C8E-8C21-B29D2C916FA3}.Release|Any CPU.ActiveCfg = Release|Any CPU
		{84EF6924-8982-2C8E-8C21-B29D2C916FA3}.Release|Any CPU.Build.0 = Release|Any CPU
		{438F9775-1A3E-5508-4F00-4230E79411F9}.Debug|Any CPU.ActiveCfg = Debug|Any CPU
		{438F9775-1A3E-5508-4F00-4230E79411F9}.Debug|Any CPU.Build.0 = Debug|Any CPU
		{438F9775-1A3E-5508-4F00-4230E79411F9}.Release|Any CPU.ActiveCfg = Release|Any CPU
		{438F9775-1A3E-5508-4F00-4230E79411F9}.Release|Any CPU.Build.0 = Release|Any CPU
		{BC2CE600-6B30-1B6F-356E-445F52C976CE}.Debug|Any CPU.ActiveCfg = Debug|Any CPU
		{BC2CE600-6B30-1B6F-356E-445F52C976CE}.Debug|Any CPU.Build.0 = Debug|Any CPU
		{BC2CE600-6B30-1B6F-356E-445F52C976CE}.Release|Any CPU.ActiveCfg = Release|Any CPU
		{BC2CE600-6B30-1B6F-356E-445F52C976CE}.Release|Any CPU.Build.0 = Release|Any CPU
		{1A5EEC2A-D8FF-595C-2AC6-93C69ED10A5C}.Debug|Any CPU.ActiveCfg = Debug|Any CPU
		{1A5EEC2A-D8FF-595C-2AC6-93C69ED10A5C}.Debug|Any CPU.Build.0 = Debug|Any CPU
		{1A5EEC2A-D8FF-595C-2AC6-93C69ED10A5C}.Release|Any CPU.ActiveCfg = Release|Any CPU
		{1A5EEC2A-D8FF-595C-2AC6-93C69ED10A5C}.Release|Any CPU.Build.0 = Release|Any CPU
		{A753C9F1-F516-E65D-6018-2B48BC921265}.Debug|Any CPU.ActiveCfg = Debug|Any CPU
		{A753C9F1-F516-E65D-6018-2B48BC921265}.Debug|Any CPU.Build.0 = Debug|Any CPU
		{A753C9F1-F516-E65D-6018-2B48BC921265}.Release|Any CPU.ActiveCfg = Release|Any CPU
		{A753C9F1-F516-E65D-6018-2B48BC921265}.Release|Any CPU.Build.0 = Release|Any CPU
		{95482339-FD0F-DD08-583B-E8121B942935}.Debug|Any CPU.ActiveCfg = Debug|Any CPU
		{95482339-FD0F-DD08-583B-E8121B942935}.Debug|Any CPU.Build.0 = Debug|Any CPU
		{95482339-FD0F-DD08-583B-E8121B942935}.Release|Any CPU.ActiveCfg = Release|Any CPU
		{95482339-FD0F-DD08-583B-E8121B942935}.Release|Any CPU.Build.0 = Release|Any CPU
		{36CC1C72-0C60-1B5B-121F-0999FE8F2F03}.Debug|Any CPU.ActiveCfg = Debug|Any CPU
		{36CC1C72-0C60-1B5B-121F-0999FE8F2F03}.Debug|Any CPU.Build.0 = Debug|Any CPU
		{36CC1C72-0C60-1B5B-121F-0999FE8F2F03}.Release|Any CPU.ActiveCfg = Release|Any CPU
		{36CC1C72-0C60-1B5B-121F-0999FE8F2F03}.Release|Any CPU.Build.0 = Release|Any CPU
		{927BA993-250D-E8FD-7FA9-139C3D41B64E}.Debug|Any CPU.ActiveCfg = Debug|Any CPU
		{927BA993-250D-E8FD-7FA9-139C3D41B64E}.Debug|Any CPU.Build.0 = Debug|Any CPU
		{927BA993-250D-E8FD-7FA9-139C3D41B64E}.Release|Any CPU.ActiveCfg = Release|Any CPU
		{927BA993-250D-E8FD-7FA9-139C3D41B64E}.Release|Any CPU.Build.0 = Release|Any CPU
		{DFE028EE-130D-FAED-47FF-2FB7E3AC95D8}.Debug|Any CPU.ActiveCfg = Debug|Any CPU
		{DFE028EE-130D-FAED-47FF-2FB7E3AC95D8}.Debug|Any CPU.Build.0 = Debug|Any CPU
		{DFE028EE-130D-FAED-47FF-2FB7E3AC95D8}.Release|Any CPU.ActiveCfg = Release|Any CPU
		{DFE028EE-130D-FAED-47FF-2FB7E3AC95D8}.Release|Any CPU.Build.0 = Release|Any CPU
		{2495CC9A-B950-D31F-3C75-DB27FE3C99C1}.Debug|Any CPU.ActiveCfg = Debug|Any CPU
		{2495CC9A-B950-D31F-3C75-DB27FE3C99C1}.Debug|Any CPU.Build.0 = Debug|Any CPU
		{2495CC9A-B950-D31F-3C75-DB27FE3C99C1}.Release|Any CPU.ActiveCfg = Release|Any CPU
		{2495CC9A-B950-D31F-3C75-DB27FE3C99C1}.Release|Any CPU.Build.0 = Release|Any CPU
		{FEBA4FBE-FAD7-7FB8-B71E-0350C8441FBC}.Debug|Any CPU.ActiveCfg = Debug|Any CPU
		{FEBA4FBE-FAD7-7FB8-B71E-0350C8441FBC}.Debug|Any CPU.Build.0 = Debug|Any CPU
		{FEBA4FBE-FAD7-7FB8-B71E-0350C8441FBC}.Release|Any CPU.ActiveCfg = Release|Any CPU
		{FEBA4FBE-FAD7-7FB8-B71E-0350C8441FBC}.Release|Any CPU.Build.0 = Release|Any CPU
		{07E0E91D-EE64-BB5A-656E-53D4B8EEEE48}.Debug|Any CPU.ActiveCfg = Debug|Any CPU
		{07E0E91D-EE64-BB5A-656E-53D4B8EEEE48}.Debug|Any CPU.Build.0 = Debug|Any CPU
		{07E0E91D-EE64-BB5A-656E-53D4B8EEEE48}.Release|Any CPU.ActiveCfg = Release|Any CPU
		{07E0E91D-EE64-BB5A-656E-53D4B8EEEE48}.Release|Any CPU.Build.0 = Release|Any CPU
		{4466FE1B-7A98-81C0-1C47-41B459719C90}.Debug|Any CPU.ActiveCfg = Debug|Any CPU
		{4466FE1B-7A98-81C0-1C47-41B459719C90}.Debug|Any CPU.Build.0 = Debug|Any CPU
		{4466FE1B-7A98-81C0-1C47-41B459719C90}.Release|Any CPU.ActiveCfg = Release|Any CPU
		{4466FE1B-7A98-81C0-1C47-41B459719C90}.Release|Any CPU.Build.0 = Release|Any CPU
		{9B561E32-E3FD-723C-3698-E8793C3BE42F}.Debug|Any CPU.ActiveCfg = Debug|Any CPU
		{9B561E32-E3FD-723C-3698-E8793C3BE42F}.Debug|Any CPU.Build.0 = Debug|Any CPU
		{9B561E32-E3FD-723C-3698-E8793C3BE42F}.Release|Any CPU.ActiveCfg = Release|Any CPU
		{9B561E32-E3FD-723C-3698-E8793C3BE42F}.Release|Any CPU.Build.0 = Release|Any CPU
		{527C84F8-C803-137B-28DB-610983F7FEAA}.Debug|Any CPU.ActiveCfg = Debug|Any CPU
		{527C84F8-C803-137B-28DB-610983F7FEAA}.Debug|Any CPU.Build.0 = Debug|Any CPU
		{527C84F8-C803-137B-28DB-610983F7FEAA}.Release|Any CPU.ActiveCfg = Release|Any CPU
		{527C84F8-C803-137B-28DB-610983F7FEAA}.Release|Any CPU.Build.0 = Release|Any CPU
		{8F779AF0-DEC5-BFF6-8BF1-1BC217318610}.Debug|Any CPU.ActiveCfg = Debug|Any CPU
		{8F779AF0-DEC5-BFF6-8BF1-1BC217318610}.Debug|Any CPU.Build.0 = Debug|Any CPU
		{8F779AF0-DEC5-BFF6-8BF1-1BC217318610}.Release|Any CPU.ActiveCfg = Release|Any CPU
		{8F779AF0-DEC5-BFF6-8BF1-1BC217318610}.Release|Any CPU.Build.0 = Release|Any CPU
		{D226A5A4-AB65-9AFA-44D2-1306CDB503F1}.Debug|Any CPU.ActiveCfg = Debug|Any CPU
		{D226A5A4-AB65-9AFA-44D2-1306CDB503F1}.Debug|Any CPU.Build.0 = Debug|Any CPU
		{D226A5A4-AB65-9AFA-44D2-1306CDB503F1}.Release|Any CPU.ActiveCfg = Release|Any CPU
		{D226A5A4-AB65-9AFA-44D2-1306CDB503F1}.Release|Any CPU.Build.0 = Release|Any CPU
		{27B1626A-F03E-68A8-00D1-7C4E05A8F050}.Debug|Any CPU.ActiveCfg = Debug|Any CPU
		{27B1626A-F03E-68A8-00D1-7C4E05A8F050}.Debug|Any CPU.Build.0 = Debug|Any CPU
		{27B1626A-F03E-68A8-00D1-7C4E05A8F050}.Release|Any CPU.ActiveCfg = Release|Any CPU
		{27B1626A-F03E-68A8-00D1-7C4E05A8F050}.Release|Any CPU.Build.0 = Release|Any CPU
		{4D263C01-7C32-AC20-5592-FC39AECB5466}.Debug|Any CPU.ActiveCfg = Debug|Any CPU
		{4D263C01-7C32-AC20-5592-FC39AECB5466}.Debug|Any CPU.Build.0 = Debug|Any CPU
		{4D263C01-7C32-AC20-5592-FC39AECB5466}.Release|Any CPU.ActiveCfg = Release|Any CPU
		{4D263C01-7C32-AC20-5592-FC39AECB5466}.Release|Any CPU.Build.0 = Release|Any CPU
		{3D364173-001F-C5E4-558B-616EB08A2507}.Debug|Any CPU.ActiveCfg = Debug|Any CPU
		{3D364173-001F-C5E4-558B-616EB08A2507}.Debug|Any CPU.Build.0 = Debug|Any CPU
		{3D364173-001F-C5E4-558B-616EB08A2507}.Release|Any CPU.ActiveCfg = Release|Any CPU
		{3D364173-001F-C5E4-558B-616EB08A2507}.Release|Any CPU.Build.0 = Release|Any CPU
	EndGlobalSection
	GlobalSection(SolutionProperties) = preSolution
		HideSolutionNode = FALSE
	EndGlobalSection
EndGlobal
